
Microsoft Visual Studio Solution File, Format Version 12.00
# Visual Studio Version 16
VisualStudioVersion = 16.0.30225.117
MinimumVisualStudioVersion = 10.0.40219.1
Project("{9A19103F-16F7-4668-BE54-9A1E7A4F7556}") = "multicorp-bot", "multicorp-bot.csproj", "{BA9226C8-3BCE-4228-BFE4-148C1F780DF6}"
EndProject
Project("{FAE04EC0-301F-11D3-BF4B-00C04F79EFBC}") = "MultiBotWebApp", "..\MultiBotWebApp\MultiBotWebApp.csproj", "{9F3FAB87-71CF-476B-BC2A-1736E42C6027}"
EndProject
Global
	GlobalSection(SolutionConfigurationPlatforms) = preSolution
		Debug|Any CPU = Debug|Any CPU
		Release|Any CPU = Release|Any CPU
	EndGlobalSection
	GlobalSection(ProjectConfigurationPlatforms) = postSolution
		{BA9226C8-3BCE-4228-BFE4-148C1F780DF6}.Debug|Any CPU.ActiveCfg = Debug|Any CPU
		{BA9226C8-3BCE-4228-BFE4-148C1F780DF6}.Debug|Any CPU.Build.0 = Debug|Any CPU
		{BA9226C8-3BCE-4228-BFE4-148C1F780DF6}.Release|Any CPU.ActiveCfg = Release|Any CPU
		{BA9226C8-3BCE-4228-BFE4-148C1F780DF6}.Release|Any CPU.Build.0 = Release|Any CPU
		{9F3FAB87-71CF-476B-BC2A-1736E42C6027}.Debug|Any CPU.ActiveCfg = Debug|Any CPU
		{9F3FAB87-71CF-476B-BC2A-1736E42C6027}.Debug|Any CPU.Build.0 = Debug|Any CPU
		{9F3FAB87-71CF-476B-BC2A-1736E42C6027}.Release|Any CPU.ActiveCfg = Release|Any CPU
		{9F3FAB87-71CF-476B-BC2A-1736E42C6027}.Release|Any CPU.Build.0 = Release|Any CPU
	EndGlobalSection
	GlobalSection(SolutionProperties) = preSolution
		HideSolutionNode = FALSE
	EndGlobalSection
	GlobalSection(ExtensibilityGlobals) = postSolution
		SolutionGuid = {68814A89-F2E4-46BB-8B72-7C7BC075147D}
	EndGlobalSection
EndGlobal
